// !$*UTF8*$!
{
	archiveVersion = 1;
	classes = {
	};
	objectVersion = 56;
	objects = {

/* Begin PBXBuildFile section */
		4A5426332A6DA08000CA6516 /* MatchedItemView.swift in Sources */ = {isa = PBXBuildFile; fileRef = 4A5426322A6DA08000CA6516 /* MatchedItemView.swift */; };
		4A815CC32A633E2600D66B2A /* AppBarView.swift in Sources */ = {isa = PBXBuildFile; fileRef = 4A815CC22A633E2600D66B2A /* AppBarView.swift */; };
		4AE56C4B2A5F071200BD100E /* KidsZooApp.swift in Sources */ = {isa = PBXBuildFile; fileRef = 4AE56C4A2A5F071200BD100E /* KidsZooApp.swift */; };
		4AE56C4F2A5F071300BD100E /* Assets.xcassets in Resources */ = {isa = PBXBuildFile; fileRef = 4AE56C4E2A5F071300BD100E /* Assets.xcassets */; };
		4AE56C522A5F071300BD100E /* Preview Assets.xcassets in Resources */ = {isa = PBXBuildFile; fileRef = 4AE56C512A5F071300BD100E /* Preview Assets.xcassets */; };
		4AE56C592A5F1F8300BD100E /* LoginView.swift in Sources */ = {isa = PBXBuildFile; fileRef = 4AE56C582A5F1F8300BD100E /* LoginView.swift */; };
		4AE56C5B2A5F1F9B00BD100E /* SignUpView.swift in Sources */ = {isa = PBXBuildFile; fileRef = 4AE56C5A2A5F1F9B00BD100E /* SignUpView.swift */; };
		4AE56C5D2A5F1FAB00BD100E /* MainView.swift in Sources */ = {isa = PBXBuildFile; fileRef = 4AE56C5C2A5F1FAB00BD100E /* MainView.swift */; };
/* End PBXBuildFile section */

/* Begin PBXFileReference section */
		4A5426322A6DA08000CA6516 /* MatchedItemView.swift */ = {isa = PBXFileReference; lastKnownFileType = sourcecode.swift; path = MatchedItemView.swift; sourceTree = "<group>"; };
		4A815CC22A633E2600D66B2A /* AppBarView.swift */ = {isa = PBXFileReference; lastKnownFileType = sourcecode.swift; path = AppBarView.swift; sourceTree = "<group>"; };
		4AE56C472A5F071200BD100E /* Kids Zoo.app */ = {isa = PBXFileReference; explicitFileType = wrapper.application; includeInIndex = 0; path = "Kids Zoo.app"; sourceTree = BUILT_PRODUCTS_DIR; };
		4AE56C4A2A5F071200BD100E /* KidsZooApp.swift */ = {isa = PBXFileReference; lastKnownFileType = sourcecode.swift; path = KidsZooApp.swift; sourceTree = "<group>"; };
		4AE56C4E2A5F071300BD100E /* Assets.xcassets */ = {isa = PBXFileReference; lastKnownFileType = folder.assetcatalog; path = Assets.xcassets; sourceTree = "<group>"; };
		4AE56C512A5F071300BD100E /* Preview Assets.xcassets */ = {isa = PBXFileReference; lastKnownFileType = folder.assetcatalog; path = "Preview Assets.xcassets"; sourceTree = "<group>"; };
		4AE56C582A5F1F8300BD100E /* LoginView.swift */ = {isa = PBXFileReference; lastKnownFileType = sourcecode.swift; path = LoginView.swift; sourceTree = "<group>"; };
		4AE56C5A2A5F1F9B00BD100E /* SignUpView.swift */ = {isa = PBXFileReference; lastKnownFileType = sourcecode.swift; path = SignUpView.swift; sourceTree = "<group>"; };
		4AE56C5C2A5F1FAB00BD100E /* MainView.swift */ = {isa = PBXFileReference; lastKnownFileType = sourcecode.swift; path = MainView.swift; sourceTree = "<group>"; };
/* End PBXFileReference section */

/* Begin PBXFrameworksBuildPhase section */
		4AE56C442A5F071200BD100E /* Frameworks */ = {
			isa = PBXFrameworksBuildPhase;
			buildActionMask = 2147483647;
			files = (
			);
			runOnlyForDeploymentPostprocessing = 0;
		};
/* End PBXFrameworksBuildPhase section */

/* Begin PBXGroup section */
		4AE56C3E2A5F071200BD100E = {
			isa = PBXGroup;
			children = (
				4AE56C492A5F071200BD100E /* Kids Zoo */,
				4AE56C482A5F071200BD100E /* Products */,
			);
			sourceTree = "<group>";
		};
		4AE56C482A5F071200BD100E /* Products */ = {
			isa = PBXGroup;
			children = (
				4AE56C472A5F071200BD100E /* Kids Zoo.app */,
			);
			name = Products;
			sourceTree = "<group>";
		};
		4AE56C492A5F071200BD100E /* Kids Zoo */ = {
			isa = PBXGroup;
			children = (
				4A5426322A6DA08000CA6516 /* MatchedItemView.swift */,
				4A815CC22A633E2600D66B2A /* AppBarView.swift */,
				4AE56C4A2A5F071200BD100E /* KidsZooApp.swift */,
				4AE56C5C2A5F1FAB00BD100E /* MainView.swift */,
				4AE56C5A2A5F1F9B00BD100E /* SignUpView.swift */,
				4AE56C582A5F1F8300BD100E /* LoginView.swift */,
				4AE56C4E2A5F071300BD100E /* Assets.xcassets */,
				4AE56C502A5F071300BD100E /* Preview Content */,
			);
			path = "Kids Zoo";
			sourceTree = "<group>";
		};
		4AE56C502A5F071300BD100E /* Preview Content */ = {
			isa = PBXGroup;
			children = (
				4AE56C512A5F071300BD100E /* Preview Assets.xcassets */,
			);
			path = "Preview Content";
			sourceTree = "<group>";
		};
/* End PBXGroup section */

/* Begin PBXNativeTarget section */
		4AE56C462A5F071200BD100E /* Kids Zoo */ = {
			isa = PBXNativeTarget;
			buildConfigurationList = 4AE56C552A5F071300BD100E /* Build configuration list for PBXNativeTarget "Kids Zoo" */;
			buildPhases = (
				4AE56C432A5F071200BD100E /* Sources */,
				4AE56C442A5F071200BD100E /* Frameworks */,
				4AE56C452A5F071200BD100E /* Resources */,
			);
			buildRules = (
			);
			dependencies = (
			);
			name = "Kids Zoo";
			productName = "Kids Zoo";
			productReference = 4AE56C472A5F071200BD100E /* Kids Zoo.app */;
			productType = "com.apple.product-type.application";
		};
/* End PBXNativeTarget section */

/* Begin PBXProject section */
		4AE56C3F2A5F071200BD100E /* Project object */ = {
			isa = PBXProject;
			attributes = {
				BuildIndependentTargetsInParallel = 1;
				LastSwiftUpdateCheck = 1430;
				LastUpgradeCheck = 1430;
				TargetAttributes = {
					4AE56C462A5F071200BD100E = {
						CreatedOnToolsVersion = 14.3;
					};
				};
			};
			buildConfigurationList = 4AE56C422A5F071200BD100E /* Build configuration list for PBXProject "Kids Zoo" */;
			compatibilityVersion = "Xcode 14.0";
			developmentRegion = en;
			hasScannedForEncodings = 0;
			knownRegions = (
				en,
				Base,
			);
			mainGroup = 4AE56C3E2A5F071200BD100E;
			productRefGroup = 4AE56C482A5F071200BD100E /* Products */;
			projectDirPath = "";
			projectRoot = "";
			targets = (
				4AE56C462A5F071200BD100E /* Kids Zoo */,
			);
		};
/* End PBXProject section */

/* Begin PBXResourcesBuildPhase section */
		4AE56C452A5F071200BD100E /* Resources */ = {
			isa = PBXResourcesBuildPhase;
			buildActionMask = 2147483647;
			files = (
				4AE56C522A5F071300BD100E /* Preview Assets.xcassets in Resources */,
				4AE56C4F2A5F071300BD100E /* Assets.xcassets in Resources */,
			);
			runOnlyForDeploymentPostprocessing = 0;
		};
/* End PBXResourcesBuildPhase section */

/* Begin PBXSourcesBuildPhase section */
		4AE56C432A5F071200BD100E /* Sources */ = {
			isa = PBXSourcesBuildPhase;
			buildActionMask = 2147483647;
			files = (
				4AE56C592A5F1F8300BD100E /* LoginView.swift in Sources */,
				4AE56C5D2A5F1FAB00BD100E /* MainView.swift in Sources */,
				4A5426332A6DA08000CA6516 /* MatchedItemView.swift in Sources */,
				4AE56C5B2A5F1F9B00BD100E /* SignUpView.swift in Sources */,
				4AE56C4B2A5F071200BD100E /* KidsZooApp.swift in Sources */,
				4A815CC32A633E2600D66B2A /* AppBarView.swift in Sources */,
			);
			runOnlyForDeploymentPostprocessing = 0;
		};
/* End PBXSourcesBuildPhase section */

/* Begin XCBuildConfiguration section */
		4AE56C532A5F071300BD100E /* Debug */ = {
			isa = XCBuildConfiguration;
			buildSettings = {
				ALWAYS_SEARCH_USER_PATHS = NO;
				CLANG_ANALYZER_NONNULL = YES;
				CLANG_ANALYZER_NUMBER_OBJECT_CONVERSION = YES_AGGRESSIVE;
				CLANG_CXX_LANGUAGE_STANDARD = "gnu++20";
				CLANG_ENABLE_MODULES = YES;
				CLANG_ENABLE_OBJC_ARC = YES;
				CLANG_ENABLE_OBJC_WEAK = YES;
				CLANG_WARN_BLOCK_CAPTURE_AUTORELEASING = YES;
				CLANG_WARN_BOOL_CONVERSION = YES;
				CLANG_WARN_COMMA = YES;
				CLANG_WARN_CONSTANT_CONVERSION = YES;
				CLANG_WARN_DEPRECATED_OBJC_IMPLEMENTATIONS = YES;
				CLANG_WARN_DIRECT_OBJC_ISA_USAGE = YES_ERROR;
				CLANG_WARN_DOCUMENTATION_COMMENTS = YES;
				CLANG_WARN_EMPTY_BODY = YES;
				CLANG_WARN_ENUM_CONVERSION = YES;
				CLANG_WARN_INFINITE_RECURSION = YES;
				CLANG_WARN_INT_CONVERSION = YES;
				CLANG_WARN_NON_LITERAL_NULL_CONVERSION = YES;
				CLANG_WARN_OBJC_IMPLICIT_RETAIN_SELF = YES;
				CLANG_WARN_OBJC_LITERAL_CONVERSION = YES;
				CLANG_WARN_OBJC_ROOT_CLASS = YES_ERROR;
				CLANG_WARN_QUOTED_INCLUDE_IN_FRAMEWORK_HEADER = YES;
				CLANG_WARN_RANGE_LOOP_ANALYSIS = YES;
				CLANG_WARN_STRICT_PROTOTYPES = YES;
				CLANG_WARN_SUSPICIOUS_MOVE = YES;
				CLANG_WARN_UNGUARDED_AVAILABILITY = YES_AGGRESSIVE;
				CLANG_WARN_UNREACHABLE_CODE = YES;
				CLANG_WARN__DUPLICATE_METHOD_MATCH = YES;
				COPY_PHASE_STRIP = NO;
				DEBUG_INFORMATION_FORMAT = dwarf;
				ENABLE_STRICT_OBJC_MSGSEND = YES;
				ENABLE_TESTABILITY = YES;
				GCC_C_LANGUAGE_STANDARD = gnu11;
				GCC_DYNAMIC_NO_PIC = NO;
				GCC_NO_COMMON_BLOCKS = YES;
				GCC_OPTIMIZATION_LEVEL = 0;
				GCC_PREPROCESSOR_DEFINITIONS = (
					"DEBUG=1",
					"$(inherited)",
				);
				GCC_WARN_64_TO_32_BIT_CONVERSION = YES;
				GCC_WARN_ABOUT_RETURN_TYPE = YES_ERROR;
				GCC_WARN_UNDECLARED_SELECTOR = YES;
				GCC_WARN_UNINITIALIZED_AUTOS = YES_AGGRESSIVE;
				GCC_WARN_UNUSED_FUNCTION = YES;
				GCC_WARN_UNUSED_VARIABLE = YES;
				IPHONEOS_DEPLOYMENT_TARGET = 16.4;
				MTL_ENABLE_DEBUG_INFO = INCLUDE_SOURCE;
				MTL_FAST_MATH = YES;
				ONLY_ACTIVE_ARCH = YES;
				SDKROOT = iphoneos;
				SWIFT_ACTIVE_COMPILATION_CONDITIONS = DEBUG;
				SWIFT_OPTIMIZATION_LEVEL = "-Onone";
			};
			name = Debug;
		};
		4AE56C542A5F071300BD100E /* Release */ = {
			isa = XCBuildConfiguration;
			buildSettings = {
				ALWAYS_SEARCH_USER_PATHS = NO;
				CLANG_ANALYZER_NONNULL = YES;
				CLANG_ANALYZER_NUMBER_OBJECT_CONVERSION = YES_AGGRESSIVE;
				CLANG_CXX_LANGUAGE_STANDARD = "gnu++20";
				CLANG_ENABLE_MODULES = YES;
				CLANG_ENABLE_OBJC_ARC = YES;
				CLANG_ENABLE_OBJC_WEAK = YES;
				CLANG_WARN_BLOCK_CAPTURE_AUTORELEASING = YES;
				CLANG_WARN_BOOL_CONVERSION = YES;
				CLANG_WARN_COMMA = YES;
				CLANG_WARN_CONSTANT_CONVERSION = YES;
				CLANG_WARN_DEPRECATED_OBJC_IMPLEMENTATIONS = YES;
				CLANG_WARN_DIRECT_OBJC_ISA_USAGE = YES_ERROR;
				CLANG_WARN_DOCUMENTATION_COMMENTS = YES;
				CLANG_WARN_EMPTY_BODY = YES;
				CLANG_WARN_ENUM_CONVERSION = YES;
				CLANG_WARN_INFINITE_RECURSION = YES;
				CLANG_WARN_INT_CONVERSION = YES;
				CLANG_WARN_NON_LITERAL_NULL_CONVERSION = YES;
				CLANG_WARN_OBJC_IMPLICIT_RETAIN_SELF = YES;
				CLANG_WARN_OBJC_LITERAL_CONVERSION = YES;
				CLANG_WARN_OBJC_ROOT_CLASS = YES_ERROR;
				CLANG_WARN_QUOTED_INCLUDE_IN_FRAMEWORK_HEADER = YES;
				CLANG_WARN_RANGE_LOOP_ANALYSIS = YES;
				CLANG_WARN_STRICT_PROTOTYPES = YES;
				CLANG_WARN_SUSPICIOUS_MOVE = YES;
				CLANG_WARN_UNGUARDED_AVAILABILITY = YES_AGGRESSIVE;
				CLANG_WARN_UNREACHABLE_CODE = YES;
				CLANG_WARN__DUPLICATE_METHOD_MATCH = YES;
				COPY_PHASE_STRIP = NO;
				DEBUG_INFORMATION_FORMAT = "dwarf-with-dsym";
				ENABLE_NS_ASSERTIONS = NO;
				ENABLE_STRICT_OBJC_MSGSEND = YES;
				GCC_C_LANGUAGE_STANDARD = gnu11;
				GCC_NO_COMMON_BLOCKS = YES;
				GCC_WARN_64_TO_32_BIT_CONVERSION = YES;
				GCC_WARN_ABOUT_RETURN_TYPE = YES_ERROR;
				GCC_WARN_UNDECLARED_SELECTOR = YES;
				GCC_WARN_UNINITIALIZED_AUTOS = YES_AGGRESSIVE;
				GCC_WARN_UNUSED_FUNCTION = YES;
				GCC_WARN_UNUSED_VARIABLE = YES;
				IPHONEOS_DEPLOYMENT_TARGET = 16.4;
				MTL_ENABLE_DEBUG_INFO = NO;
				MTL_FAST_MATH = YES;
				SDKROOT = iphoneos;
				SWIFT_COMPILATION_MODE = wholemodule;
				SWIFT_OPTIMIZATION_LEVEL = "-O";
				VALIDATE_PRODUCT = YES;
			};
			name = Release;
		};
		4AE56C562A5F071300BD100E /* Debug */ = {
			isa = XCBuildConfiguration;
			buildSettings = {
				ASSETCATALOG_COMPILER_APPICON_NAME = AppIcon;
				ASSETCATALOG_COMPILER_GLOBAL_ACCENT_COLOR_NAME = AccentColor;
				CODE_SIGN_STYLE = Automatic;
				CURRENT_PROJECT_VERSION = 1;
				DEVELOPMENT_ASSET_PATHS = "\"Kids Zoo/Preview Content\"";
				DEVELOPMENT_TEAM = JGFQW7CXFG;
				ENABLE_PREVIEWS = YES;
				GENERATE_INFOPLIST_FILE = YES;
				INFOPLIST_KEY_UIApplicationSceneManifest_Generation = YES;
				INFOPLIST_KEY_UIApplicationSupportsIndirectInputEvents = YES;
				INFOPLIST_KEY_UILaunchScreen_Generation = YES;
				INFOPLIST_KEY_UISupportedInterfaceOrientations_iPad = "UIInterfaceOrientationPortrait UIInterfaceOrientationPortraitUpsideDown UIInterfaceOrientationLandscapeLeft UIInterfaceOrientationLandscapeRight";
				INFOPLIST_KEY_UISupportedInterfaceOrientations_iPhone = "UIInterfaceOrientationPortrait UIInterfaceOrientationLandscapeLeft UIInterfaceOrientationLandscapeRight";
				LD_RUNPATH_SEARCH_PATHS = (
					"$(inherited)",
					"@executable_path/Frameworks",
				);
				MARKETING_VERSION = 1.0;
				PRODUCT_BUNDLE_IDENTIFIER = "sys.Kids-Zoo";
				PRODUCT_NAME = "$(TARGET_NAME)";
				SWIFT_EMIT_LOC_STRINGS = YES;
				SWIFT_VERSION = 5.0;
				TARGETED_DEVICE_FAMILY = "1,2";
			};
			name = Debug;
		};
		4AE56C572A5F071300BD100E /* Release */ = {
			isa = XCBuildConfiguration;
			buildSettings = {
				ASSETCATALOG_COMPILER_APPICON_NAME = AppIcon;
				ASSETCATALOG_COMPILER_GLOBAL_ACCENT_COLOR_NAME = AccentColor;
				CODE_SIGN_STYLE = Automatic;
				CURRENT_PROJECT_VERSION = 1;
				DEVELOPMENT_ASSET_PATHS = "\"Kids Zoo/Preview Content\"";
				DEVELOPMENT_TEAM = JGFQW7CXFG;
				ENABLE_PREVIEWS = YES;
				GENERATE_INFOPLIST_FILE = YES;
				INFOPLIST_KEY_UIApplicationSceneManifest_Generation = YES;
				INFOPLIST_KEY_UIApplicationSupportsIndirectInputEvents = YES;
				INFOPLIST_KEY_UILaunchScreen_Generation = YES;
				INFOPLIST_KEY_UISupportedInterfaceOrientations_iPad = "UIInterfaceOrientationPortrait UIInterfaceOrientationPortraitUpsideDown UIInterfaceOrientationLandscapeLeft UIInterfaceOrientationLandscapeRight";
				INFOPLIST_KEY_UISupportedInterfaceOrientations_iPhone = "UIInterfaceOrientationPortrait UIInterfaceOrientationLandscapeLeft UIInterfaceOrientationLandscapeRight";
				LD_RUNPATH_SEARCH_PATHS = (
					"$(inherited)",
					"@executable_path/Frameworks",
				);
				MARKETING_VERSION = 1.0;
				PRODUCT_BUNDLE_IDENTIFIER = "sys.Kids-Zoo";
				PRODUCT_NAME = "$(TARGET_NAME)";
				SWIFT_EMIT_LOC_STRINGS = YES;
				SWIFT_VERSION = 5.0;
				TARGETED_DEVICE_FAMILY = "1,2";
			};
			name = Release;
		};
/* End XCBuildConfiguration section */

/* Begin XCConfigurationList section */
		4AE56C422A5F071200BD100E /* Build configuration list for PBXProject "Kids Zoo" */ = {
			isa = XCConfigurationList;
			buildConfigurations = (
				4AE56C532A5F071300BD100E /* Debug */,
				4AE56C542A5F071300BD100E /* Release */,
			);
			defaultConfigurationIsVisible = 0;
			defaultConfigurationName = Release;
		};
		4AE56C552A5F071300BD100E /* Build configuration list for PBXNativeTarget "Kids Zoo" */ = {
			isa = XCConfigurationList;
			buildConfigurations = (
				4AE56C562A5F071300BD100E /* Debug */,
				4AE56C572A5F071300BD100E /* Release */,
			);
			defaultConfigurationIsVisible = 0;
			defaultConfigurationName = Release;
		};
/* End XCConfigurationList section */
	};
	rootObject = 4AE56C3F2A5F071200BD100E /* Project object */;
}
